
Microsoft Visual Studio Solution File, Format Version 12.00
# Visual Studio Version 16
VisualStudioVersion = 16.0.32228.343
MinimumVisualStudioVersion = 10.0.40219.1
Project("{FAE04EC0-301F-11D3-BF4B-00C04F79EFBC}") = "Abstractt", "Abstractt.csproj", "{648C94BF-0BD7-4F53-A381-3E76E087841E}"
EndProject
Global
	GlobalSection(SolutionConfigurationPlatforms) = preSolution
		Debug|Any CPU = Debug|Any CPU
		Release|Any CPU = Release|Any CPU
	EndGlobalSection
	GlobalSection(ProjectConfigurationPlatforms) = postSolution
		{648C94BF-0BD7-4F53-A381-3E76E087841E}.Debug|Any CPU.ActiveCfg = Debug|Any CPU
		{648C94BF-0BD7-4F53-A381-3E76E087841E}.Debug|Any CPU.Build.0 = Debug|Any CPU
		{648C94BF-0BD7-4F53-A381-3E76E087841E}.Release|Any CPU.ActiveCfg = Release|Any CPU
		{648C94BF-0BD7-4F53-A381-3E76E087841E}.Release|Any CPU.Build.0 = Release|Any CPU
	EndGlobalSection
	GlobalSection(SolutionProperties) = preSolution
		HideSolutionNode = FALSE
	EndGlobalSection
	GlobalSection(ExtensibilityGlobals) = postSolution
		SolutionGuid = {CBC6A814-03DE-44EA-8BBB-9AB785456F95}
	EndGlobalSection
EndGlobal
